// !$*UTF8*$!
{
	archiveVersion = 1;
	classes = {
	};
	objectVersion = 56;
	objects = {

/* Begin PBXBuildFile section */
		CD1DB1902C78E1ED008B31EF /* Categories.swift in Sources */ = {isa = PBXBuildFile; fileRef = CD1DB18F2C78E1ED008B31EF /* Categories.swift */; };
		CD46019E2C948BC3002413E4 /* BasicVC.swift in Sources */ = {isa = PBXBuildFile; fileRef = CD46019D2C948BC3002413E4 /* BasicVC.swift */; };
		CD4601A02C9499C4002413E4 /* BasicTransactionVC.swift in Sources */ = {isa = PBXBuildFile; fileRef = CD46019F2C9499C4002413E4 /* BasicTransactionVC.swift */; };
		CD4601A22C94A883002413E4 /* BasicVM.swift in Sources */ = {isa = PBXBuildFile; fileRef = CD4601A12C94A883002413E4 /* BasicVM.swift */; };
		CD4601A42C94BB67002413E4 /* BasicTransactionVM.swift in Sources */ = {isa = PBXBuildFile; fileRef = CD4601A32C94BB67002413E4 /* BasicTransactionVM.swift */; };
		CD500A152CA1F450008292F5 /* IncomePageViewController.swift in Sources */ = {isa = PBXBuildFile; fileRef = CD500A142CA1F450008292F5 /* IncomePageViewController.swift */; };
		CD500A192CA1F4DF008292F5 /* IncomeViewModel.swift in Sources */ = {isa = PBXBuildFile; fileRef = CD500A182CA1F4DF008292F5 /* IncomeViewModel.swift */; };
		CD500A202CA1F573008292F5 /* IncTransactionsViewModel.swift in Sources */ = {isa = PBXBuildFile; fileRef = CD500A1F2CA1F573008292F5 /* IncTransactionsViewModel.swift */; };
		CD500A222CA1F591008292F5 /* IncTransactionsViewController.swift in Sources */ = {isa = PBXBuildFile; fileRef = CD500A212CA1F591008292F5 /* IncTransactionsViewController.swift */; };
		CD500A252CA1FA81008292F5 /* IncomeEntity+CoreDataClass.swift in Sources */ = {isa = PBXBuildFile; fileRef = CD500A232CA1FA81008292F5 /* IncomeEntity+CoreDataClass.swift */; };
		CD500A262CA1FA81008292F5 /* IncomeEntity+CoreDataProperties.swift in Sources */ = {isa = PBXBuildFile; fileRef = CD500A242CA1FA81008292F5 /* IncomeEntity+CoreDataProperties.swift */; };
		CD500A282CA1FAA0008292F5 /* IncomePersistant.swift in Sources */ = {isa = PBXBuildFile; fileRef = CD500A272CA1FAA0008292F5 /* IncomePersistant.swift */; };
		CD5483702CA2BD96006BDB9E /* AddIncomeViewController.swift in Sources */ = {isa = PBXBuildFile; fileRef = CD54836F2CA2BD96006BDB9E /* AddIncomeViewController.swift */; };
		CD7006632C6BDD8F00EAE0CD /* ExpensesPageViewController.swift in Sources */ = {isa = PBXBuildFile; fileRef = CD7006622C6BDD8F00EAE0CD /* ExpensesPageViewController.swift */; };
		CD75DE0F2CA4371B008013A3 /* APIManager.swift in Sources */ = {isa = PBXBuildFile; fileRef = CD75DE0E2CA4371B008013A3 /* APIManager.swift */; };
		CD75DE112CA43791008013A3 /* CurrencyObject.swift in Sources */ = {isa = PBXBuildFile; fileRef = CD75DE102CA43791008013A3 /* CurrencyObject.swift */; };
		CD75DE132CA43E2D008013A3 /* NetworkingError.swift in Sources */ = {isa = PBXBuildFile; fileRef = CD75DE122CA43E2D008013A3 /* NetworkingError.swift */; };
		CD75DE172CA43FD5008013A3 /* CurrencyViewModel.swift in Sources */ = {isa = PBXBuildFile; fileRef = CD75DE162CA43FD5008013A3 /* CurrencyViewModel.swift */; };
		CDA019522C6E3399002ACF11 /* TableViewSection.swift in Sources */ = {isa = PBXBuildFile; fileRef = CDA019512C6E3399002ACF11 /* TableViewSection.swift */; };
		CDA019542C6E55CD002ACF11 /* ExpTransactionViewController.swift in Sources */ = {isa = PBXBuildFile; fileRef = CDA019532C6E55CD002ACF11 /* ExpTransactionViewController.swift */; };
		CDA019562C6E5E06002ACF11 /* ExpTransactionViewModel.swift in Sources */ = {isa = PBXBuildFile; fileRef = CDA019552C6E5E06002ACF11 /* ExpTransactionViewModel.swift */; };
		CDA0195C2C6E6261002ACF11 /* TransactionTableViewCell.swift in Sources */ = {isa = PBXBuildFile; fileRef = CDA0195B2C6E6261002ACF11 /* TransactionTableViewCell.swift */; };
		CDC657B52C74F5B400912BBF /* Model.xcdatamodeld in Sources */ = {isa = PBXBuildFile; fileRef = CDC657B32C74F5B400912BBF /* Model.xcdatamodeld */; };
		CDC657B92C74F6E600912BBF /* ExpenseEntity+CoreDataClass.swift in Sources */ = {isa = PBXBuildFile; fileRef = CDC657B72C74F6E600912BBF /* ExpenseEntity+CoreDataClass.swift */; };
		CDC657BA2C74F6E600912BBF /* ExpenseEntity+CoreDataProperties.swift in Sources */ = {isa = PBXBuildFile; fileRef = CDC657B82C74F6E600912BBF /* ExpenseEntity+CoreDataProperties.swift */; };
		CDC657BC2C74F7B000912BBF /* ExpensePersistant.swift in Sources */ = {isa = PBXBuildFile; fileRef = CDC657BB2C74F7B000912BBF /* ExpensePersistant.swift */; };
		CDD283882C6CF07500BA95F6 /* TransactionObject.swift in Sources */ = {isa = PBXBuildFile; fileRef = CDD283872C6CF07500BA95F6 /* TransactionObject.swift */; };
		CDD2838E2C6D049200BA95F6 /* ExpensesViewModel.swift in Sources */ = {isa = PBXBuildFile; fileRef = CDD2838D2C6D049200BA95F6 /* ExpensesViewModel.swift */; };
		CDE031B72C6BA08B0026677F /* AppDelegate.swift in Sources */ = {isa = PBXBuildFile; fileRef = CDE031B62C6BA08B0026677F /* AppDelegate.swift */; };
		CDE031BB2C6BA08B0026677F /* ExpensesViewController.swift in Sources */ = {isa = PBXBuildFile; fileRef = CDE031BA2C6BA08B0026677F /* ExpensesViewController.swift */; };
		CDE031C02C6BA08C0026677F /* Assets.xcassets in Resources */ = {isa = PBXBuildFile; fileRef = CDE031BF2C6BA08C0026677F /* Assets.xcassets */; };
		CDE031C32C6BA08C0026677F /* LaunchScreen.storyboard in Resources */ = {isa = PBXBuildFile; fileRef = CDE031C12C6BA08C0026677F /* LaunchScreen.storyboard */; };
		CDE031CB2C6BA1420026677F /* TabBarController.swift in Sources */ = {isa = PBXBuildFile; fileRef = CDE031CA2C6BA1420026677F /* TabBarController.swift */; };
		CDE031CD2C6BA1F40026677F /* CurrencyViewController.swift in Sources */ = {isa = PBXBuildFile; fileRef = CDE031CC2C6BA1F40026677F /* CurrencyViewController.swift */; };
		CDE031CF2C6BA2750026677F /* IncomeViewController.swift in Sources */ = {isa = PBXBuildFile; fileRef = CDE031CE2C6BA2750026677F /* IncomeViewController.swift */; };
		CDE031D72C6BA9410026677F /* SnapKit in Frameworks */ = {isa = PBXBuildFile; productRef = CDE031D62C6BA9410026677F /* SnapKit */; };
		CDE031D92C6BAE950026677F /* MainTransactionTableViewCell.swift in Sources */ = {isa = PBXBuildFile; fileRef = CDE031D82C6BAE950026677F /* MainTransactionTableViewCell.swift */; };
		FA8567D42C6EAC9A00C7A965 /* AddExpensesViewController.swift in Sources */ = {isa = PBXBuildFile; fileRef = FA8567D32C6EAC9A00C7A965 /* AddExpensesViewController.swift */; };
/* End PBXBuildFile section */

/* Begin PBXFileReference section */
		CD1DB18F2C78E1ED008B31EF /* Categories.swift */ = {isa = PBXFileReference; lastKnownFileType = sourcecode.swift; path = Categories.swift; sourceTree = "<group>"; };
		CD46019D2C948BC3002413E4 /* BasicVC.swift */ = {isa = PBXFileReference; lastKnownFileType = sourcecode.swift; path = BasicVC.swift; sourceTree = "<group>"; };
		CD46019F2C9499C4002413E4 /* BasicTransactionVC.swift */ = {isa = PBXFileReference; lastKnownFileType = sourcecode.swift; path = BasicTransactionVC.swift; sourceTree = "<group>"; };
		CD4601A12C94A883002413E4 /* BasicVM.swift */ = {isa = PBXFileReference; lastKnownFileType = sourcecode.swift; path = BasicVM.swift; sourceTree = "<group>"; };
		CD4601A32C94BB67002413E4 /* BasicTransactionVM.swift */ = {isa = PBXFileReference; lastKnownFileType = sourcecode.swift; path = BasicTransactionVM.swift; sourceTree = "<group>"; };
		CD500A142CA1F450008292F5 /* IncomePageViewController.swift */ = {isa = PBXFileReference; lastKnownFileType = sourcecode.swift; path = IncomePageViewController.swift; sourceTree = "<group>"; };
		CD500A182CA1F4DF008292F5 /* IncomeViewModel.swift */ = {isa = PBXFileReference; lastKnownFileType = sourcecode.swift; path = IncomeViewModel.swift; sourceTree = "<group>"; };
		CD500A1F2CA1F573008292F5 /* IncTransactionsViewModel.swift */ = {isa = PBXFileReference; lastKnownFileType = sourcecode.swift; path = IncTransactionsViewModel.swift; sourceTree = "<group>"; };
		CD500A212CA1F591008292F5 /* IncTransactionsViewController.swift */ = {isa = PBXFileReference; lastKnownFileType = sourcecode.swift; path = IncTransactionsViewController.swift; sourceTree = "<group>"; };
		CD500A232CA1FA81008292F5 /* IncomeEntity+CoreDataClass.swift */ = {isa = PBXFileReference; lastKnownFileType = sourcecode.swift; path = "IncomeEntity+CoreDataClass.swift"; sourceTree = "<group>"; };
		CD500A242CA1FA81008292F5 /* IncomeEntity+CoreDataProperties.swift */ = {isa = PBXFileReference; lastKnownFileType = sourcecode.swift; path = "IncomeEntity+CoreDataProperties.swift"; sourceTree = "<group>"; };
		CD500A272CA1FAA0008292F5 /* IncomePersistant.swift */ = {isa = PBXFileReference; lastKnownFileType = sourcecode.swift; path = IncomePersistant.swift; sourceTree = "<group>"; };
		CD54836F2CA2BD96006BDB9E /* AddIncomeViewController.swift */ = {isa = PBXFileReference; lastKnownFileType = sourcecode.swift; path = AddIncomeViewController.swift; sourceTree = "<group>"; };
		CD7006622C6BDD8F00EAE0CD /* ExpensesPageViewController.swift */ = {isa = PBXFileReference; lastKnownFileType = sourcecode.swift; path = ExpensesPageViewController.swift; sourceTree = "<group>"; };
		CD75DE0E2CA4371B008013A3 /* APIManager.swift */ = {isa = PBXFileReference; lastKnownFileType = sourcecode.swift; path = APIManager.swift; sourceTree = "<group>"; };
		CD75DE102CA43791008013A3 /* CurrencyObject.swift */ = {isa = PBXFileReference; lastKnownFileType = sourcecode.swift; path = CurrencyObject.swift; sourceTree = "<group>"; };
		CD75DE122CA43E2D008013A3 /* NetworkingError.swift */ = {isa = PBXFileReference; lastKnownFileType = sourcecode.swift; path = NetworkingError.swift; sourceTree = "<group>"; };
		CD75DE162CA43FD5008013A3 /* CurrencyViewModel.swift */ = {isa = PBXFileReference; lastKnownFileType = sourcecode.swift; path = CurrencyViewModel.swift; sourceTree = "<group>"; };
		CDA019512C6E3399002ACF11 /* TableViewSection.swift */ = {isa = PBXFileReference; lastKnownFileType = sourcecode.swift; path = TableViewSection.swift; sourceTree = "<group>"; };
		CDA019532C6E55CD002ACF11 /* ExpTransactionViewController.swift */ = {isa = PBXFileReference; lastKnownFileType = sourcecode.swift; path = ExpTransactionViewController.swift; sourceTree = "<group>"; };
		CDA019552C6E5E06002ACF11 /* ExpTransactionViewModel.swift */ = {isa = PBXFileReference; lastKnownFileType = sourcecode.swift; path = ExpTransactionViewModel.swift; sourceTree = "<group>"; };
		CDA0195B2C6E6261002ACF11 /* TransactionTableViewCell.swift */ = {isa = PBXFileReference; lastKnownFileType = sourcecode.swift; path = TransactionTableViewCell.swift; sourceTree = "<group>"; };
		CDC657B42C74F5B400912BBF /* Model.xcdatamodel */ = {isa = PBXFileReference; lastKnownFileType = wrapper.xcdatamodel; path = Model.xcdatamodel; sourceTree = "<group>"; };
		CDC657B72C74F6E600912BBF /* ExpenseEntity+CoreDataClass.swift */ = {isa = PBXFileReference; lastKnownFileType = sourcecode.swift; path = "ExpenseEntity+CoreDataClass.swift"; sourceTree = "<group>"; };
		CDC657B82C74F6E600912BBF /* ExpenseEntity+CoreDataProperties.swift */ = {isa = PBXFileReference; lastKnownFileType = sourcecode.swift; path = "ExpenseEntity+CoreDataProperties.swift"; sourceTree = "<group>"; };
		CDC657BB2C74F7B000912BBF /* ExpensePersistant.swift */ = {isa = PBXFileReference; lastKnownFileType = sourcecode.swift; path = ExpensePersistant.swift; sourceTree = "<group>"; };
		CDD283872C6CF07500BA95F6 /* TransactionObject.swift */ = {isa = PBXFileReference; lastKnownFileType = sourcecode.swift; path = TransactionObject.swift; sourceTree = "<group>"; };
		CDD2838D2C6D049200BA95F6 /* ExpensesViewModel.swift */ = {isa = PBXFileReference; lastKnownFileType = sourcecode.swift; path = ExpensesViewModel.swift; sourceTree = "<group>"; };
		CDE031B32C6BA08B0026677F /* Money.app */ = {isa = PBXFileReference; explicitFileType = wrapper.application; includeInIndex = 0; path = Money.app; sourceTree = BUILT_PRODUCTS_DIR; };
		CDE031B62C6BA08B0026677F /* AppDelegate.swift */ = {isa = PBXFileReference; lastKnownFileType = sourcecode.swift; path = AppDelegate.swift; sourceTree = "<group>"; };
		CDE031BA2C6BA08B0026677F /* ExpensesViewController.swift */ = {isa = PBXFileReference; lastKnownFileType = sourcecode.swift; path = ExpensesViewController.swift; sourceTree = "<group>"; };
		CDE031BF2C6BA08C0026677F /* Assets.xcassets */ = {isa = PBXFileReference; lastKnownFileType = folder.assetcatalog; path = Assets.xcassets; sourceTree = "<group>"; };
		CDE031C22C6BA08C0026677F /* Base */ = {isa = PBXFileReference; lastKnownFileType = file.storyboard; name = Base; path = Base.lproj/LaunchScreen.storyboard; sourceTree = "<group>"; };
		CDE031C42C6BA08C0026677F /* Info.plist */ = {isa = PBXFileReference; lastKnownFileType = text.plist.xml; path = Info.plist; sourceTree = "<group>"; };
		CDE031CA2C6BA1420026677F /* TabBarController.swift */ = {isa = PBXFileReference; lastKnownFileType = sourcecode.swift; path = TabBarController.swift; sourceTree = "<group>"; };
		CDE031CC2C6BA1F40026677F /* CurrencyViewController.swift */ = {isa = PBXFileReference; lastKnownFileType = sourcecode.swift; path = CurrencyViewController.swift; sourceTree = "<group>"; };
		CDE031CE2C6BA2750026677F /* IncomeViewController.swift */ = {isa = PBXFileReference; lastKnownFileType = sourcecode.swift; path = IncomeViewController.swift; sourceTree = "<group>"; };
		CDE031D82C6BAE950026677F /* MainTransactionTableViewCell.swift */ = {isa = PBXFileReference; lastKnownFileType = sourcecode.swift; path = MainTransactionTableViewCell.swift; sourceTree = "<group>"; };
		FA8567D32C6EAC9A00C7A965 /* AddExpensesViewController.swift */ = {isa = PBXFileReference; lastKnownFileType = sourcecode.swift; path = AddExpensesViewController.swift; sourceTree = "<group>"; };
/* End PBXFileReference section */

/* Begin PBXFrameworksBuildPhase section */
		CDE031B02C6BA08B0026677F /* Frameworks */ = {
			isa = PBXFrameworksBuildPhase;
			buildActionMask = 2147483647;
			files = (
				CDE031D72C6BA9410026677F /* SnapKit in Frameworks */,
			);
			runOnlyForDeploymentPostprocessing = 0;
		};
/* End PBXFrameworksBuildPhase section */

/* Begin PBXGroup section */
		CD0FB4802CA46DFF0003DD37 /* Persistants */ = {
			isa = PBXGroup;
			children = (
				CD500A272CA1FAA0008292F5 /* IncomePersistant.swift */,
				CDC657BB2C74F7B000912BBF /* ExpensePersistant.swift */,
			);
			path = Persistants;
			sourceTree = "<group>";
		};
		CD4601A52C94BC73002413E4 /* Basic */ = {
			isa = PBXGroup;
			children = (
				CDD283892C6CF07D00BA95F6 /* Model */,
				CD4601A62C94BC98002413E4 /* View */,
				CD4601A72C94BCA4002413E4 /* ViewModel */,
			);
			path = Basic;
			sourceTree = "<group>";
		};
		CD4601A62C94BC98002413E4 /* View */ = {
			isa = PBXGroup;
			children = (
				CD46019D2C948BC3002413E4 /* BasicVC.swift */,
				CDE031D82C6BAE950026677F /* MainTransactionTableViewCell.swift */,
				CD46019F2C9499C4002413E4 /* BasicTransactionVC.swift */,
				CDA0195B2C6E6261002ACF11 /* TransactionTableViewCell.swift */,
			);
			path = View;
			sourceTree = "<group>";
		};
		CD4601A72C94BCA4002413E4 /* ViewModel */ = {
			isa = PBXGroup;
			children = (
				CD4601A12C94A883002413E4 /* BasicVM.swift */,
				CD4601A32C94BB67002413E4 /* BasicTransactionVM.swift */,
			);
			path = ViewModel;
			sourceTree = "<group>";
		};
		CD500A162CA1F482008292F5 /* View */ = {
			isa = PBXGroup;
			children = (
				CDE031CE2C6BA2750026677F /* IncomeViewController.swift */,
			);
			path = View;
			sourceTree = "<group>";
		};
		CD500A172CA1F48F008292F5 /* ViewModel */ = {
			isa = PBXGroup;
			children = (
				CD500A182CA1F4DF008292F5 /* IncomeViewModel.swift */,
			);
			path = ViewModel;
			sourceTree = "<group>";
		};
		CD500A1A2CA1F522008292F5 /* Total */ = {
			isa = PBXGroup;
			children = (
				CD500A162CA1F482008292F5 /* View */,
				CD500A172CA1F48F008292F5 /* ViewModel */,
			);
			path = Total;
			sourceTree = "<group>";
		};
		CD500A1C2CA1F547008292F5 /* Transactions */ = {
			isa = PBXGroup;
			children = (
				CD500A1D2CA1F551008292F5 /* View */,
				CD500A1E2CA1F557008292F5 /* ViewModel */,
			);
			path = Transactions;
			sourceTree = "<group>";
		};
		CD500A1D2CA1F551008292F5 /* View */ = {
			isa = PBXGroup;
			children = (
				CD500A212CA1F591008292F5 /* IncTransactionsViewController.swift */,
				CD54836F2CA2BD96006BDB9E /* AddIncomeViewController.swift */,
			);
			path = View;
			sourceTree = "<group>";
		};
		CD500A1E2CA1F557008292F5 /* ViewModel */ = {
			isa = PBXGroup;
			children = (
				CD500A1F2CA1F573008292F5 /* IncTransactionsViewModel.swift */,
			);
			path = ViewModel;
			sourceTree = "<group>";
		};
		CD75DE0C2CA4330D008013A3 /* Resources */ = {
			isa = PBXGroup;
			children = (
				CDE031B62C6BA08B0026677F /* AppDelegate.swift */,
				CDE031CA2C6BA1420026677F /* TabBarController.swift */,
			);
			path = Resources;
			sourceTree = "<group>";
		};
		CD75DE0D2CA43706008013A3 /* Networking */ = {
			isa = PBXGroup;
			children = (
				CD75DE0E2CA4371B008013A3 /* APIManager.swift */,
				CD75DE122CA43E2D008013A3 /* NetworkingError.swift */,
			);
			path = Networking;
			sourceTree = "<group>";
		};
		CD75DE182CA444E7008013A3 /* View */ = {
			isa = PBXGroup;
			children = (
				CDE031CC2C6BA1F40026677F /* CurrencyViewController.swift */,
			);
			path = View;
			sourceTree = "<group>";
		};
		CD75DE192CA444EC008013A3 /* VIewModel */ = {
			isa = PBXGroup;
			children = (
				CD75DE162CA43FD5008013A3 /* CurrencyViewModel.swift */,
			);
			path = VIewModel;
			sourceTree = "<group>";
		};
		CD75DE1A2CA444F9008013A3 /* Model */ = {
			isa = PBXGroup;
			children = (
				CD75DE102CA43791008013A3 /* CurrencyObject.swift */,
			);
			path = Model;
			sourceTree = "<group>";
		};
		CDA019572C6E60DE002ACF11 /* Total */ = {
			isa = PBXGroup;
			children = (
				CDD2838C2C6D047F00BA95F6 /* View */,
				CDD2838F2C6D05BC00BA95F6 /* ViewModel */,
			);
			path = Total;
			sourceTree = "<group>";
		};
		CDA019582C6E60FB002ACF11 /* Transactions */ = {
			isa = PBXGroup;
			children = (
				CDA019592C6E6103002ACF11 /* View */,
				CDA0195A2C6E610D002ACF11 /* ViewModel */,
			);
			path = Transactions;
			sourceTree = "<group>";
		};
		CDA019592C6E6103002ACF11 /* View */ = {
			isa = PBXGroup;
			children = (
				CDA019532C6E55CD002ACF11 /* ExpTransactionViewController.swift */,
				FA8567D32C6EAC9A00C7A965 /* AddExpensesViewController.swift */,
			);
			path = View;
			sourceTree = "<group>";
		};
		CDA0195A2C6E610D002ACF11 /* ViewModel */ = {
			isa = PBXGroup;
			children = (
				CDA019552C6E5E06002ACF11 /* ExpTransactionViewModel.swift */,
			);
			path = ViewModel;
			sourceTree = "<group>";
		};
		CDC657B62C74F62000912BBF /* CoreData */ = {
			isa = PBXGroup;
			children = (
				CD0FB4802CA46DFF0003DD37 /* Persistants */,
				CDC657B72C74F6E600912BBF /* ExpenseEntity+CoreDataClass.swift */,
				CDC657B82C74F6E600912BBF /* ExpenseEntity+CoreDataProperties.swift */,
				CD500A232CA1FA81008292F5 /* IncomeEntity+CoreDataClass.swift */,
				CD500A242CA1FA81008292F5 /* IncomeEntity+CoreDataProperties.swift */,
				CDC657B32C74F5B400912BBF /* Model.xcdatamodeld */,
			);
			path = CoreData;
			sourceTree = "<group>";
		};
		CDD283832C6CEF2300BA95F6 /* Currency */ = {
			isa = PBXGroup;
			children = (
				CD75DE0D2CA43706008013A3 /* Networking */,
				CD75DE182CA444E7008013A3 /* View */,
				CD75DE192CA444EC008013A3 /* VIewModel */,
				CD75DE1A2CA444F9008013A3 /* Model */,
			);
			path = Currency;
			sourceTree = "<group>";
		};
		CDD283842C6CEF2D00BA95F6 /* Expenses */ = {
			isa = PBXGroup;
			children = (
				CD7006622C6BDD8F00EAE0CD /* ExpensesPageViewController.swift */,
				CDA019572C6E60DE002ACF11 /* Total */,
				CDA019582C6E60FB002ACF11 /* Transactions */,
			);
			path = Expenses;
			sourceTree = "<group>";
		};
		CDD283852C6CEF3500BA95F6 /* Income */ = {
			isa = PBXGroup;
			children = (
				CD500A142CA1F450008292F5 /* IncomePageViewController.swift */,
				CD500A1A2CA1F522008292F5 /* Total */,
				CD500A1C2CA1F547008292F5 /* Transactions */,
			);
			path = Income;
			sourceTree = "<group>";
		};
		CDD283892C6CF07D00BA95F6 /* Model */ = {
			isa = PBXGroup;
			children = (
				CDD283872C6CF07500BA95F6 /* TransactionObject.swift */,
				CD1DB18F2C78E1ED008B31EF /* Categories.swift */,
				CDA019512C6E3399002ACF11 /* TableViewSection.swift */,
			);
			path = Model;
			sourceTree = "<group>";
		};
		CDD2838C2C6D047F00BA95F6 /* View */ = {
			isa = PBXGroup;
			children = (
				CDE031BA2C6BA08B0026677F /* ExpensesViewController.swift */,
			);
			path = View;
			sourceTree = "<group>";
		};
		CDD2838F2C6D05BC00BA95F6 /* ViewModel */ = {
			isa = PBXGroup;
			children = (
				CDD2838D2C6D049200BA95F6 /* ExpensesViewModel.swift */,
			);
			path = ViewModel;
			sourceTree = "<group>";
		};
		CDE031AA2C6BA08B0026677F = {
			isa = PBXGroup;
			children = (
				CDE031B52C6BA08B0026677F /* Money */,
				CDE031B42C6BA08B0026677F /* Products */,
			);
			sourceTree = "<group>";
		};
		CDE031B42C6BA08B0026677F /* Products */ = {
			isa = PBXGroup;
			children = (
				CDE031B32C6BA08B0026677F /* Money.app */,
			);
			name = Products;
			sourceTree = "<group>";
		};
		CDE031B52C6BA08B0026677F /* Money */ = {
			isa = PBXGroup;
			children = (
				CD4601A52C94BC73002413E4 /* Basic */,
				CDD283832C6CEF2300BA95F6 /* Currency */,
				CDD283842C6CEF2D00BA95F6 /* Expenses */,
				CDD283852C6CEF3500BA95F6 /* Income */,
				CD75DE0C2CA4330D008013A3 /* Resources */,
				CDC657B62C74F62000912BBF /* CoreData */,
				CDE031BF2C6BA08C0026677F /* Assets.xcassets */,
				CDE031C12C6BA08C0026677F /* LaunchScreen.storyboard */,
				CDE031C42C6BA08C0026677F /* Info.plist */,
			);
			path = Money;
			sourceTree = "<group>";
		};
/* End PBXGroup section */

/* Begin PBXNativeTarget section */
		CDE031B22C6BA08B0026677F /* Money */ = {
			isa = PBXNativeTarget;
			buildConfigurationList = CDE031C72C6BA08C0026677F /* Build configuration list for PBXNativeTarget "Money" */;
			buildPhases = (
				CDE031AF2C6BA08B0026677F /* Sources */,
				CDE031B02C6BA08B0026677F /* Frameworks */,
				CDE031B12C6BA08B0026677F /* Resources */,
			);
			buildRules = (
			);
			dependencies = (
			);
			name = Money;
			packageProductDependencies = (
				CDE031D62C6BA9410026677F /* SnapKit */,
			);
			productName = Money;
			productReference = CDE031B32C6BA08B0026677F /* Money.app */;
			productType = "com.apple.product-type.application";
		};
/* End PBXNativeTarget section */

/* Begin PBXProject section */
		CDE031AB2C6BA08B0026677F /* Project object */ = {
			isa = PBXProject;
			attributes = {
				BuildIndependentTargetsInParallel = 1;
				LastSwiftUpdateCheck = 1430;
				LastUpgradeCheck = 1430;
				TargetAttributes = {
					CDE031B22C6BA08B0026677F = {
						CreatedOnToolsVersion = 14.3.1;
					};
				};
			};
			buildConfigurationList = CDE031AE2C6BA08B0026677F /* Build configuration list for PBXProject "Money" */;
			compatibilityVersion = "Xcode 14.0";
			developmentRegion = en;
			hasScannedForEncodings = 0;
			knownRegions = (
				en,
				Base,
			);
			mainGroup = CDE031AA2C6BA08B0026677F;
			packageReferences = (
				CDE031D52C6BA9410026677F /* XCRemoteSwiftPackageReference "SnapKit" */,
			);
			productRefGroup = CDE031B42C6BA08B0026677F /* Products */;
			projectDirPath = "";
			projectRoot = "";
			targets = (
				CDE031B22C6BA08B0026677F /* Money */,
			);
		};
/* End PBXProject section */

/* Begin PBXResourcesBuildPhase section */
		CDE031B12C6BA08B0026677F /* Resources */ = {
			isa = PBXResourcesBuildPhase;
			buildActionMask = 2147483647;
			files = (
				CDE031C32C6BA08C0026677F /* LaunchScreen.storyboard in Resources */,
				CDE031C02C6BA08C0026677F /* Assets.xcassets in Resources */,
			);
			runOnlyForDeploymentPostprocessing = 0;
		};
/* End PBXResourcesBuildPhase section */

/* Begin PBXSourcesBuildPhase section */
		CDE031AF2C6BA08B0026677F /* Sources */ = {
			isa = PBXSourcesBuildPhase;
			buildActionMask = 2147483647;
			files = (
				CD75DE0F2CA4371B008013A3 /* APIManager.swift in Sources */,
				CD500A202CA1F573008292F5 /* IncTransactionsViewModel.swift in Sources */,
				CD500A222CA1F591008292F5 /* IncTransactionsViewController.swift in Sources */,
				CD500A192CA1F4DF008292F5 /* IncomeViewModel.swift in Sources */,
				CDC657BC2C74F7B000912BBF /* ExpensePersistant.swift in Sources */,
				CDE031CB2C6BA1420026677F /* TabBarController.swift in Sources */,
				CD75DE112CA43791008013A3 /* CurrencyObject.swift in Sources */,
				CDA019522C6E3399002ACF11 /* TableViewSection.swift in Sources */,
				FA8567D42C6EAC9A00C7A965 /* AddExpensesViewController.swift in Sources */,
				CDD2838E2C6D049200BA95F6 /* ExpensesViewModel.swift in Sources */,
				CD500A152CA1F450008292F5 /* IncomePageViewController.swift in Sources */,
				CD46019E2C948BC3002413E4 /* BasicVC.swift in Sources */,
				CDC657B52C74F5B400912BBF /* Model.xcdatamodeld in Sources */,
				CD4601A42C94BB67002413E4 /* BasicTransactionVM.swift in Sources */,
				CDE031CF2C6BA2750026677F /* IncomeViewController.swift in Sources */,
				CDA0195C2C6E6261002ACF11 /* TransactionTableViewCell.swift in Sources */,
				CDA019562C6E5E06002ACF11 /* ExpTransactionViewModel.swift in Sources */,
				CD4601A02C9499C4002413E4 /* BasicTransactionVC.swift in Sources */,
				CDC657B92C74F6E600912BBF /* ExpenseEntity+CoreDataClass.swift in Sources */,
				CDE031BB2C6BA08B0026677F /* ExpensesViewController.swift in Sources */,
				CD500A252CA1FA81008292F5 /* IncomeEntity+CoreDataClass.swift in Sources */,
				CD7006632C6BDD8F00EAE0CD /* ExpensesPageViewController.swift in Sources */,
				CD75DE132CA43E2D008013A3 /* NetworkingError.swift in Sources */,
				CDE031CD2C6BA1F40026677F /* CurrencyViewController.swift in Sources */,
				CD75DE172CA43FD5008013A3 /* CurrencyViewModel.swift in Sources */,
				CD500A262CA1FA81008292F5 /* IncomeEntity+CoreDataProperties.swift in Sources */,
				CDD283882C6CF07500BA95F6 /* TransactionObject.swift in Sources */,
				CD500A282CA1FAA0008292F5 /* IncomePersistant.swift in Sources */,
				CD1DB1902C78E1ED008B31EF /* Categories.swift in Sources */,
				CDE031B72C6BA08B0026677F /* AppDelegate.swift in Sources */,
				CDE031D92C6BAE950026677F /* MainTransactionTableViewCell.swift in Sources */,
				CD4601A22C94A883002413E4 /* BasicVM.swift in Sources */,
				CD5483702CA2BD96006BDB9E /* AddIncomeViewController.swift in Sources */,
				CDA019542C6E55CD002ACF11 /* ExpTransactionViewController.swift in Sources */,
				CDC657BA2C74F6E600912BBF /* ExpenseEntity+CoreDataProperties.swift in Sources */,
			);
			runOnlyForDeploymentPostprocessing = 0;
		};
/* End PBXSourcesBuildPhase section */

/* Begin PBXVariantGroup section */
		CDE031C12C6BA08C0026677F /* LaunchScreen.storyboard */ = {
			isa = PBXVariantGroup;
			children = (
				CDE031C22C6BA08C0026677F /* Base */,
			);
			name = LaunchScreen.storyboard;
			sourceTree = "<group>";
		};
/* End PBXVariantGroup section */

/* Begin XCBuildConfiguration section */
		CDE031C52C6BA08C0026677F /* Debug */ = {
			isa = XCBuildConfiguration;
			buildSettings = {
				ALWAYS_SEARCH_USER_PATHS = NO;
				CLANG_ANALYZER_NONNULL = YES;
				CLANG_ANALYZER_NUMBER_OBJECT_CONVERSION = YES_AGGRESSIVE;
				CLANG_CXX_LANGUAGE_STANDARD = "gnu++20";
				CLANG_ENABLE_MODULES = YES;
				CLANG_ENABLE_OBJC_ARC = YES;
				CLANG_ENABLE_OBJC_WEAK = YES;
				CLANG_WARN_BLOCK_CAPTURE_AUTORELEASING = YES;
				CLANG_WARN_BOOL_CONVERSION = YES;
				CLANG_WARN_COMMA = YES;
				CLANG_WARN_CONSTANT_CONVERSION = YES;
				CLANG_WARN_DEPRECATED_OBJC_IMPLEMENTATIONS = YES;
				CLANG_WARN_DIRECT_OBJC_ISA_USAGE = YES_ERROR;
				CLANG_WARN_DOCUMENTATION_COMMENTS = YES;
				CLANG_WARN_EMPTY_BODY = YES;
				CLANG_WARN_ENUM_CONVERSION = YES;
				CLANG_WARN_INFINITE_RECURSION = YES;
				CLANG_WARN_INT_CONVERSION = YES;
				CLANG_WARN_NON_LITERAL_NULL_CONVERSION = YES;
				CLANG_WARN_OBJC_IMPLICIT_RETAIN_SELF = YES;
				CLANG_WARN_OBJC_LITERAL_CONVERSION = YES;
				CLANG_WARN_OBJC_ROOT_CLASS = YES_ERROR;
				CLANG_WARN_QUOTED_INCLUDE_IN_FRAMEWORK_HEADER = YES;
				CLANG_WARN_RANGE_LOOP_ANALYSIS = YES;
				CLANG_WARN_STRICT_PROTOTYPES = YES;
				CLANG_WARN_SUSPICIOUS_MOVE = YES;
				CLANG_WARN_UNGUARDED_AVAILABILITY = YES_AGGRESSIVE;
				CLANG_WARN_UNREACHABLE_CODE = YES;
				CLANG_WARN__DUPLICATE_METHOD_MATCH = YES;
				COPY_PHASE_STRIP = NO;
				DEBUG_INFORMATION_FORMAT = dwarf;
				ENABLE_STRICT_OBJC_MSGSEND = YES;
				ENABLE_TESTABILITY = YES;
				GCC_C_LANGUAGE_STANDARD = gnu11;
				GCC_DYNAMIC_NO_PIC = NO;
				GCC_NO_COMMON_BLOCKS = YES;
				GCC_OPTIMIZATION_LEVEL = 0;
				GCC_PREPROCESSOR_DEFINITIONS = (
					"DEBUG=1",
					"$(inherited)",
				);
				GCC_WARN_64_TO_32_BIT_CONVERSION = YES;
				GCC_WARN_ABOUT_RETURN_TYPE = YES_ERROR;
				GCC_WARN_UNDECLARED_SELECTOR = YES;
				GCC_WARN_UNINITIALIZED_AUTOS = YES_AGGRESSIVE;
				GCC_WARN_UNUSED_FUNCTION = YES;
				GCC_WARN_UNUSED_VARIABLE = YES;
				IPHONEOS_DEPLOYMENT_TARGET = 16.4;
				MTL_ENABLE_DEBUG_INFO = INCLUDE_SOURCE;
				MTL_FAST_MATH = YES;
				ONLY_ACTIVE_ARCH = YES;
				SDKROOT = iphoneos;
				SWIFT_ACTIVE_COMPILATION_CONDITIONS = DEBUG;
				SWIFT_OPTIMIZATION_LEVEL = "-Onone";
			};
			name = Debug;
		};
		CDE031C62C6BA08C0026677F /* Release */ = {
			isa = XCBuildConfiguration;
			buildSettings = {
				ALWAYS_SEARCH_USER_PATHS = NO;
				CLANG_ANALYZER_NONNULL = YES;
				CLANG_ANALYZER_NUMBER_OBJECT_CONVERSION = YES_AGGRESSIVE;
				CLANG_CXX_LANGUAGE_STANDARD = "gnu++20";
				CLANG_ENABLE_MODULES = YES;
				CLANG_ENABLE_OBJC_ARC = YES;
				CLANG_ENABLE_OBJC_WEAK = YES;
				CLANG_WARN_BLOCK_CAPTURE_AUTORELEASING = YES;
				CLANG_WARN_BOOL_CONVERSION = YES;
				CLANG_WARN_COMMA = YES;
				CLANG_WARN_CONSTANT_CONVERSION = YES;
				CLANG_WARN_DEPRECATED_OBJC_IMPLEMENTATIONS = YES;
				CLANG_WARN_DIRECT_OBJC_ISA_USAGE = YES_ERROR;
				CLANG_WARN_DOCUMENTATION_COMMENTS = YES;
				CLANG_WARN_EMPTY_BODY = YES;
				CLANG_WARN_ENUM_CONVERSION = YES;
				CLANG_WARN_INFINITE_RECURSION = YES;
				CLANG_WARN_INT_CONVERSION = YES;
				CLANG_WARN_NON_LITERAL_NULL_CONVERSION = YES;
				CLANG_WARN_OBJC_IMPLICIT_RETAIN_SELF = YES;
				CLANG_WARN_OBJC_LITERAL_CONVERSION = YES;
				CLANG_WARN_OBJC_ROOT_CLASS = YES_ERROR;
				CLANG_WARN_QUOTED_INCLUDE_IN_FRAMEWORK_HEADER = YES;
				CLANG_WARN_RANGE_LOOP_ANALYSIS = YES;
				CLANG_WARN_STRICT_PROTOTYPES = YES;
				CLANG_WARN_SUSPICIOUS_MOVE = YES;
				CLANG_WARN_UNGUARDED_AVAILABILITY = YES_AGGRESSIVE;
				CLANG_WARN_UNREACHABLE_CODE = YES;
				CLANG_WARN__DUPLICATE_METHOD_MATCH = YES;
				COPY_PHASE_STRIP = NO;
				DEBUG_INFORMATION_FORMAT = "dwarf-with-dsym";
				ENABLE_NS_ASSERTIONS = NO;
				ENABLE_STRICT_OBJC_MSGSEND = YES;
				GCC_C_LANGUAGE_STANDARD = gnu11;
				GCC_NO_COMMON_BLOCKS = YES;
				GCC_WARN_64_TO_32_BIT_CONVERSION = YES;
				GCC_WARN_ABOUT_RETURN_TYPE = YES_ERROR;
				GCC_WARN_UNDECLARED_SELECTOR = YES;
				GCC_WARN_UNINITIALIZED_AUTOS = YES_AGGRESSIVE;
				GCC_WARN_UNUSED_FUNCTION = YES;
				GCC_WARN_UNUSED_VARIABLE = YES;
				IPHONEOS_DEPLOYMENT_TARGET = 16.4;
				MTL_ENABLE_DEBUG_INFO = NO;
				MTL_FAST_MATH = YES;
				SDKROOT = iphoneos;
				SWIFT_COMPILATION_MODE = wholemodule;
				SWIFT_OPTIMIZATION_LEVEL = "-O";
				VALIDATE_PRODUCT = YES;
			};
			name = Release;
		};
		CDE031C82C6BA08C0026677F /* Debug */ = {
			isa = XCBuildConfiguration;
			buildSettings = {
				ASSETCATALOG_COMPILER_APPICON_NAME = AppIcon;
				ASSETCATALOG_COMPILER_GLOBAL_ACCENT_COLOR_NAME = AccentColor;
				CODE_SIGN_STYLE = Automatic;
				CURRENT_PROJECT_VERSION = 1;
				DEVELOPMENT_TEAM = 4H9NWHD2A8;
				GENERATE_INFOPLIST_FILE = YES;
				INFOPLIST_FILE = Money/Info.plist;
				INFOPLIST_KEY_UIApplicationSupportsIndirectInputEvents = YES;
				INFOPLIST_KEY_UILaunchStoryboardName = LaunchScreen;
				INFOPLIST_KEY_UISupportedInterfaceOrientations_iPad = "UIInterfaceOrientationPortrait UIInterfaceOrientationPortraitUpsideDown UIInterfaceOrientationLandscapeLeft UIInterfaceOrientationLandscapeRight";
				INFOPLIST_KEY_UISupportedInterfaceOrientations_iPhone = "UIInterfaceOrientationPortrait UIInterfaceOrientationLandscapeLeft UIInterfaceOrientationLandscapeRight";
				LD_RUNPATH_SEARCH_PATHS = (
					"$(inherited)",
					"@executable_path/Frameworks",
				);
				MARKETING_VERSION = 1.0;
				PRODUCT_BUNDLE_IDENTIFIER = SandBox.Money;
				PRODUCT_NAME = "$(TARGET_NAME)";
				SWIFT_EMIT_LOC_STRINGS = YES;
				SWIFT_VERSION = 5.0;
				TARGETED_DEVICE_FAMILY = "1,2";
			};
			name = Debug;
		};
		CDE031C92C6BA08C0026677F /* Release */ = {
			isa = XCBuildConfiguration;
			buildSettings = {
				ASSETCATALOG_COMPILER_APPICON_NAME = AppIcon;
				ASSETCATALOG_COMPILER_GLOBAL_ACCENT_COLOR_NAME = AccentColor;
				CODE_SIGN_STYLE = Automatic;
				CURRENT_PROJECT_VERSION = 1;
				DEVELOPMENT_TEAM = 4H9NWHD2A8;
				GENERATE_INFOPLIST_FILE = YES;
				INFOPLIST_FILE = Money/Info.plist;
				INFOPLIST_KEY_UIApplicationSupportsIndirectInputEvents = YES;
				INFOPLIST_KEY_UILaunchStoryboardName = LaunchScreen;
				INFOPLIST_KEY_UISupportedInterfaceOrientations_iPad = "UIInterfaceOrientationPortrait UIInterfaceOrientationPortraitUpsideDown UIInterfaceOrientationLandscapeLeft UIInterfaceOrientationLandscapeRight";
				INFOPLIST_KEY_UISupportedInterfaceOrientations_iPhone = "UIInterfaceOrientationPortrait UIInterfaceOrientationLandscapeLeft UIInterfaceOrientationLandscapeRight";
				LD_RUNPATH_SEARCH_PATHS = (
					"$(inherited)",
					"@executable_path/Frameworks",
				);
				MARKETING_VERSION = 1.0;
				PRODUCT_BUNDLE_IDENTIFIER = SandBox.Money;
				PRODUCT_NAME = "$(TARGET_NAME)";
				SWIFT_EMIT_LOC_STRINGS = YES;
				SWIFT_VERSION = 5.0;
				TARGETED_DEVICE_FAMILY = "1,2";
			};
			name = Release;
		};
/* End XCBuildConfiguration section */

/* Begin XCConfigurationList section */
		CDE031AE2C6BA08B0026677F /* Build configuration list for PBXProject "Money" */ = {
			isa = XCConfigurationList;
			buildConfigurations = (
				CDE031C52C6BA08C0026677F /* Debug */,
				CDE031C62C6BA08C0026677F /* Release */,
			);
			defaultConfigurationIsVisible = 0;
			defaultConfigurationName = Release;
		};
		CDE031C72C6BA08C0026677F /* Build configuration list for PBXNativeTarget "Money" */ = {
			isa = XCConfigurationList;
			buildConfigurations = (
				CDE031C82C6BA08C0026677F /* Debug */,
				CDE031C92C6BA08C0026677F /* Release */,
			);
			defaultConfigurationIsVisible = 0;
			defaultConfigurationName = Release;
		};
/* End XCConfigurationList section */

/* Begin XCRemoteSwiftPackageReference section */
		CDE031D52C6BA9410026677F /* XCRemoteSwiftPackageReference "SnapKit" */ = {
			isa = XCRemoteSwiftPackageReference;
			repositoryURL = "https://github.com/SnapKit/SnapKit.git";
			requirement = {
				kind = upToNextMajorVersion;
				minimumVersion = 5.0.0;
			};
		};
/* End XCRemoteSwiftPackageReference section */

/* Begin XCSwiftPackageProductDependency section */
		CDE031D62C6BA9410026677F /* SnapKit */ = {
			isa = XCSwiftPackageProductDependency;
			package = CDE031D52C6BA9410026677F /* XCRemoteSwiftPackageReference "SnapKit" */;
			productName = SnapKit;
		};
/* End XCSwiftPackageProductDependency section */

/* Begin XCVersionGroup section */
		CDC657B32C74F5B400912BBF /* Model.xcdatamodeld */ = {
			isa = XCVersionGroup;
			children = (
				CDC657B42C74F5B400912BBF /* Model.xcdatamodel */,
			);
			currentVersion = CDC657B42C74F5B400912BBF /* Model.xcdatamodel */;
			path = Model.xcdatamodeld;
			sourceTree = "<group>";
			versionGroupType = wrapper.xcdatamodel;
		};
/* End XCVersionGroup section */
	};
	rootObject = CDE031AB2C6BA08B0026677F /* Project object */;
}
